
Microsoft Visual Studio Solution File, Format Version 12.00
# Visual Studio 15
VisualStudioVersion = 15.0.27703.2035
MinimumVisualStudioVersion = 10.0.40219.1
Project("{FAE04EC0-301F-11D3-BF4B-00C04F79EFBC}") = "Test_Fuse8", "Test_Fuse8\Test_Fuse8.csproj", "{05065C30-C480-4CEB-A685-E88F6C23127D}"
EndProject
Global
	GlobalSection(SolutionConfigurationPlatforms) = preSolution
		Debug|Any CPU = Debug|Any CPU
		Release|Any CPU = Release|Any CPU
	EndGlobalSection
	GlobalSection(ProjectConfigurationPlatforms) = postSolution
		{05065C30-C480-4CEB-A685-E88F6C23127D}.Debug|Any CPU.ActiveCfg = Debug|Any CPU
		{05065C30-C480-4CEB-A685-E88F6C23127D}.Debug|Any CPU.Build.0 = Debug|Any CPU
		{05065C30-C480-4CEB-A685-E88F6C23127D}.Release|Any CPU.ActiveCfg = Release|Any CPU
		{05065C30-C480-4CEB-A685-E88F6C23127D}.Release|Any CPU.Build.0 = Release|Any CPU
	EndGlobalSection
	GlobalSection(SolutionProperties) = preSolution
		HideSolutionNode = FALSE
	EndGlobalSection
	GlobalSection(ExtensibilityGlobals) = postSolution
		SolutionGuid = {D2032AEF-BDE9-48CD-94C6-EB9C42D6B378}
	EndGlobalSection
EndGlobal
